<?xml version="1.0" encoding="utf-8"?>
<Project ToolsVersion="4.0" xmlns="http://schemas.microsoft.com/developer/msbuild/2003">
  <ItemGroup>
    <ClInclude Include="..\Source\D3D12Core\AppMain.h" />
    <ClInclude Include="..\Source\D3D12Core\GlobalUtility.h" />
    <ClInclude Include="..\Source\D3D12Core\pch.h" />
    <ClInclude Include="..\Source\D3D12Core\GraphicsCore.h" />
    <ClInclude Include="..\Source\D3D12Core\Display.h" />
    <ClInclude Include="..\Source\D3D12Core\DescriptorHeap.h" />
    <ClInclude Include="..\Source\D3D12Core\RootSignature.h" />
    <ClInclude Include="..\Source\D3D12Core\PipelineState.h" />
    <ClInclude Include="..\Source\D3D12Core\DescriptorHandle.h" />
    <ClInclude Include="..\Source\D3D12Core\GraphicsCommon.h" />
    <ClInclude Include="..\Source\D3D12Core\GraphicsBuffer.h" />
    <ClInclude Include="..\Source\D3D12Core\CommandQueue.h" />
    <ClInclude Include="..\Source\D3D12Core\RenderTexture.h" />
    <ClInclude Include="..\Source\D3D12Core\Texture2D.h" />
    <ClInclude Include="..\Source\D3D12Core\SampleResource.h" />
    <ClInclude Include="..\Source\D3D12Core\GpuPlacedHeap.h" />
    <ClInclude Include="..\Source\D3D12Core\UploadBuffer.h" />
    <ClInclude Include="..\Source\D3D12Core\CommandList.h" />
    <ClInclude Include="..\Source\D3D12Core\CommandAllocatorPool.h" />
    <ClInclude Include="..\Source\Shaders\Sample.shader">
      <Filter>Shaders</Filter>
    </ClInclude>
    <ClInclude Include="..\Source\Shaders\SampleTexture.shader">
      <Filter>Shaders</Filter>
    </ClInclude>
    <ClInclude Include="..\Source\D3D12Core\Input.h" />
    <ClInclude Include="..\Source\D3D12Core\MathCommon.h" />
    <ClInclude Include="..\Source\D3D12Core\IResource.h" />
    <ClInclude Include="..\Source\D3D12Core\TextureLoader.h" />
    <ClInclude Include="..\Source\D3D12Core\GameTime.h" />
    <ClInclude Include="..\Source\D3D12Core\Camera.h" />
    <ClInclude Include="..\Source\D3D12Core\Mesh.h" />
    <ClInclude Include="..\Source\D3D12Core\MeshRenderer.h" />
    <ClInclude Include="..\Source\D3D12Core\Shader.h" />
    <ClInclude Include="..\Source\D3D12Core\Material.h" />
    <ClInclude Include="..\Source\D3D12Core\MultiRenderTargets.h" />
    <ClInclude Include="..\Source\D3D12Core\PipelineStateManager.h" />
  </ItemGroup>
  <ItemGroup>
    <ClCompile Include="..\Source\D3D12Core\AppMain.cpp" />
    <ClCompile Include="..\Source\D3D12Core\GlobalUtility.cpp" />
    <ClCompile Include="..\Source\D3D12Core\pch.cpp" />
    <ClCompile Include="..\Source\D3D12Core\GraphicsCore.cpp" />
    <ClCompile Include="..\Source\D3D12Core\Display.cpp" />
    <ClCompile Include="..\Source\D3D12Core\DescriptorHeap.cpp" />
    <ClCompile Include="..\Source\D3D12Core\RootSignature.cpp" />
    <ClCompile Include="..\Source\D3D12Core\PipelineState.cpp" />
    <ClCompile Include="..\Source\D3D12Core\DescriptorHandle.cpp" />
    <ClCompile Include="..\Source\D3D12Core\GraphicsCommon.cpp" />
    <ClCompile Include="..\Source\D3D12Core\GraphicsBuffer.cpp" />
    <ClCompile Include="..\Source\D3D12Core\CommandQueue.cpp" />
    <ClCompile Include="..\Source\D3D12Core\RenderTexture.cpp" />
    <ClCompile Include="..\Source\D3D12Core\Texture2D.cpp" />
    <ClCompile Include="..\Source\D3D12Core\SampleResource.cpp" />
    <ClCompile Include="..\Source\D3D12Core\GpuPlacedHeap.cpp" />
    <ClCompile Include="..\Source\D3D12Core\UploadBuffer.cpp" />
    <ClCompile Include="..\Source\D3D12Core\CommandList.cpp" />
    <ClCompile Include="..\Source\D3D12Core\CommandAllocatorPool.cpp" />
    <ClCompile Include="..\Source\D3D12Core\Input.cpp" />
    <ClCompile Include="..\Source\D3D12Core\MathCommon.cpp" />
    <ClCompile Include="..\Source\D3D12Core\IResource.cpp" />
    <ClCompile Include="..\Source\D3D12Core\TextureLoader.cpp" />
    <ClCompile Include="..\Source\D3D12Core\GameTime.cpp" />
    <ClCompile Include="..\Source\D3D12Core\Camera.cpp" />
    <ClCompile Include="..\Source\D3D12Core\Mesh.cpp" />
    <ClCompile Include="..\Source\D3D12Core\MeshRenderer.cpp" />
    <ClCompile Include="..\Source\D3D12Core\Shader.cpp" />
    <ClCompile Include="..\Source\D3D12Core\Material.cpp" />
    <ClCompile Include="..\Source\D3D12Core\MultiRenderTargets.cpp" />
    <ClCompile Include="..\Source\D3D12Core\PipelineStateManager.cpp" />
  </ItemGroup>
  <ItemGroup>
    <Filter Include="Shaders">
      <UniqueIdentifier>{12462131-592e-44c8-bf44-551ddae8a0ff}</UniqueIdentifier>
    </Filter>
    <Filter Include="Shaders\VS">
      <UniqueIdentifier>{75cfa094-a591-4c2f-ac51-7f9064b28e49}</UniqueIdentifier>
    </Filter>
    <Filter Include="Shaders\PS">
      <UniqueIdentifier>{81cc8fe0-a220-4c15-befc-848fcab83552}</UniqueIdentifier>
    </Filter>
  </ItemGroup>
  <ItemGroup>
    <FxCompile Include="..\Source\Shaders\Sample_vs.hlsl">
      <Filter>Shaders\VS</Filter>
    </FxCompile>
    <FxCompile Include="..\Source\Shaders\SampleTexture_vs.hlsl">
      <Filter>Shaders\VS</Filter>
    </FxCompile>
    <FxCompile Include="..\Source\Shaders\Sample_ps.hlsl">
      <Filter>Shaders\PS</Filter>
    </FxCompile>
    <FxCompile Include="..\Source\Shaders\SampleTexture_ps.hlsl">
      <Filter>Shaders\PS</Filter>
    </FxCompile>
  </ItemGroup>
  <ItemGroup>
    <None Include="packages.config" />
  </ItemGroup>
</Project>