<?xml version="1.0" encoding="utf-8"?>
<Project ToolsVersion="4.0" xmlns="http://schemas.microsoft.com/developer/msbuild/2003">
  <ItemGroup>
    <Filter Include="Utility">
      <UniqueIdentifier>{6f455c30-e650-475e-9d8c-e3a609b1828e}</UniqueIdentifier>
    </Filter>
    <Filter Include="​GraphicsCommand">
      <UniqueIdentifier>{eab2a47a-24ee-437e-a5f5-7e3baf0fe8be}</UniqueIdentifier>
    </Filter>
    <Filter Include="​GraphicsContext">
      <UniqueIdentifier>{9c2d9d30-c884-4c6b-a08a-99b92639d98f}</UniqueIdentifier>
    </Filter>
    <Filter Include="​GraphicsResource">
      <UniqueIdentifier>{0f1170f3-b816-4766-9ef8-df8719a0bbd7}</UniqueIdentifier>
    </Filter>
  </ItemGroup>
  <ItemGroup>
    <ClCompile Include="Source\Utility\pch.cpp">
      <Filter>Utility</Filter>
    </ClCompile>
    <ClCompile Include="Source\D3D12Core.cpp" />
    <ClCompile Include="Source\GraphicsCommand\CommandAllocator.cpp">
      <Filter>​GraphicsCommand</Filter>
    </ClCompile>
    <ClCompile Include="Source\GraphicsCommand\CommandAllocatorPool.cpp">
      <Filter>​GraphicsCommand</Filter>
    </ClCompile>
    <ClCompile Include="Source\GraphicsCommand\ICommandList.cpp">
      <Filter>​GraphicsCommand</Filter>
    </ClCompile>
    <ClCompile Include="Source\GraphicsCommand\CommandQueue.cpp">
      <Filter>​GraphicsCommand</Filter>
    </ClCompile>
    <ClCompile Include="Source\GraphicsContext\GraphicsContext.cpp">
      <Filter>​GraphicsContext</Filter>
    </ClCompile>
    <ClCompile Include="Source\GraphicsContext\SwapChain.cpp">
      <Filter>​GraphicsContext</Filter>
    </ClCompile>
    <ClCompile Include="Source\Utility\Utility.cpp">
      <Filter>Utility</Filter>
    </ClCompile>
    <ClCompile Include="Source\GraphicsResource\IGraphicsResource.cpp">
      <Filter>​GraphicsResource</Filter>
    </ClCompile>
    <ClCompile Include="Source\GraphicsResource\ITexture.cpp">
      <Filter>​GraphicsResource</Filter>
    </ClCompile>
    <ClCompile Include="Source\GraphicsResource\DescriptorAllocator.cpp">
      <Filter>​GraphicsResource</Filter>
    </ClCompile>
    <ClCompile Include="Source\GraphicsResource\DescriptorHandle.cpp">
      <Filter>​GraphicsResource</Filter>
    </ClCompile>
    <ClCompile Include="Source\GraphicsResource\DescriptorHeap.cpp">
      <Filter>​GraphicsResource</Filter>
    </ClCompile>
    <ClCompile Include="Source\GraphicsResource\IPipelineState.cpp">
      <Filter>​GraphicsResource</Filter>
    </ClCompile>
    <ClCompile Include="Source\GraphicsResource\PipelineStateManager.cpp">
      <Filter>​GraphicsResource</Filter>
    </ClCompile>
    <ClCompile Include="Source\GraphicsResource\RootSignature.cpp">
      <Filter>​GraphicsResource</Filter>
    </ClCompile>
    <ClCompile Include="Source\GraphicsResource\UploadBuffer.cpp">
      <Filter>​GraphicsResource</Filter>
    </ClCompile>
    <ClCompile Include="Source\GraphicsResource\GraphicsBuffer.cpp">
      <Filter>​GraphicsResource</Filter>
    </ClCompile>
    <ClCompile Include="Source\GraphicsResource\GraphicsMemory.cpp">
      <Filter>​GraphicsResource</Filter>
    </ClCompile>
    <ClCompile Include="Source\GraphicsResource\PlacedHeap.cpp">
      <Filter>​GraphicsResource</Filter>
    </ClCompile>
    <ClCompile Include="Source\GraphicsResource\IBufferResource.cpp">
      <Filter>​GraphicsResource</Filter>
    </ClCompile>
    <ClCompile Include="Source\GraphicsResource\IRenderTexture.cpp">
      <Filter>​GraphicsResource</Filter>
    </ClCompile>
    <ClCompile Include="Source\GraphicsCommand\CommandBundle.cpp">
      <Filter>​GraphicsCommand</Filter>
    </ClCompile>
    <ClCompile Include="Source\GraphicsCommand\CommandListPool.cpp">
      <Filter>​GraphicsCommand</Filter>
    </ClCompile>
    <ClCompile Include="Source\GraphicsCommand\ComputeCommandList.cpp">
      <Filter>​GraphicsCommand</Filter>
    </ClCompile>
    <ClCompile Include="Source\GraphicsCommand\CopyCommandList.cpp">
      <Filter>​GraphicsCommand</Filter>
    </ClCompile>
    <ClCompile Include="Source\GraphicsCommand\GraphicsCommandList.cpp">
      <Filter>​GraphicsCommand</Filter>
    </ClCompile>
    <ClCompile Include="Source\GraphicsResource\GraphicsPipelineState.cpp">
      <Filter>​GraphicsResource</Filter>
    </ClCompile>
    <ClCompile Include="Source\GraphicsResource\ComputePipelineState.cpp">
      <Filter>​GraphicsResource</Filter>
    </ClCompile>
  </ItemGroup>
  <ItemGroup>
    <ClInclude Include="Source\Utility\pch.h">
      <Filter>Utility</Filter>
    </ClInclude>
    <ClInclude Include="Include\D3D12Core.h" />
    <ClInclude Include="Include\​GraphicsCommand\CommandAllocator.h">
      <Filter>​GraphicsCommand</Filter>
    </ClInclude>
    <ClInclude Include="Include\​GraphicsCommand\CommandAllocatorPool.h">
      <Filter>​GraphicsCommand</Filter>
    </ClInclude>
    <ClInclude Include="Include\​GraphicsCommand\ICommandList.h">
      <Filter>​GraphicsCommand</Filter>
    </ClInclude>
    <ClInclude Include="Include\​GraphicsCommand\CommandQueue.h">
      <Filter>​GraphicsCommand</Filter>
    </ClInclude>
    <ClInclude Include="Include\​GraphicsContext\SwapChain.h">
      <Filter>​GraphicsContext</Filter>
    </ClInclude>
    <ClInclude Include="Include\​GraphicsContext\GraphicsContext.h">
      <Filter>​GraphicsContext</Filter>
    </ClInclude>
    <ClInclude Include="Include\Utility\Utility.h">
      <Filter>Utility</Filter>
    </ClInclude>
    <ClInclude Include="Include\​GraphicsResource\IGraphicsResource.h">
      <Filter>​GraphicsResource</Filter>
    </ClInclude>
    <ClInclude Include="Include\​GraphicsResource\ITexture.h">
      <Filter>​GraphicsResource</Filter>
    </ClInclude>
    <ClInclude Include="Include\​GraphicsResource\DescriptorAllocator.h">
      <Filter>​GraphicsResource</Filter>
    </ClInclude>
    <ClInclude Include="Include\​GraphicsResource\DescriptorHandle.h">
      <Filter>​GraphicsResource</Filter>
    </ClInclude>
    <ClInclude Include="Include\​GraphicsResource\DescriptorHeap.h">
      <Filter>​GraphicsResource</Filter>
    </ClInclude>
    <ClInclude Include="Include\​GraphicsResource\IPipelineState.h">
      <Filter>​GraphicsResource</Filter>
    </ClInclude>
    <ClInclude Include="Include\​GraphicsResource\PipelineStateManager.h">
      <Filter>​GraphicsResource</Filter>
    </ClInclude>
    <ClInclude Include="Include\​GraphicsResource\RootSignature.h">
      <Filter>​GraphicsResource</Filter>
    </ClInclude>
    <ClInclude Include="Include\​GraphicsResource\GraphicsBuffer.h">
      <Filter>​GraphicsResource</Filter>
    </ClInclude>
    <ClInclude Include="Include\​GraphicsResource\GraphicsMemory.h">
      <Filter>​GraphicsResource</Filter>
    </ClInclude>
    <ClInclude Include="Include\​GraphicsResource\UploadBuffer.h">
      <Filter>​GraphicsResource</Filter>
    </ClInclude>
    <ClInclude Include="Include\​GraphicsResource\PlacedHeap.h">
      <Filter>​GraphicsResource</Filter>
    </ClInclude>
    <ClInclude Include="Include\​GraphicsResource\IBufferResource.h">
      <Filter>​GraphicsResource</Filter>
    </ClInclude>
    <ClInclude Include="Include\​GraphicsResource\IRenderTexture.h">
      <Filter>​GraphicsResource</Filter>
    </ClInclude>
    <ClInclude Include="Include\​GraphicsCommand\CommandBundle.h">
      <Filter>​GraphicsCommand</Filter>
    </ClInclude>
    <ClInclude Include="Include\​GraphicsCommand\CommandListPool.h">
      <Filter>​GraphicsCommand</Filter>
    </ClInclude>
    <ClInclude Include="Include\​GraphicsCommand\ComputeCommandList.h">
      <Filter>​GraphicsCommand</Filter>
    </ClInclude>
    <ClInclude Include="Include\​GraphicsCommand\CopyCommandList.h">
      <Filter>​GraphicsCommand</Filter>
    </ClInclude>
    <ClInclude Include="Include\​GraphicsCommand\GraphicsCommandList.h">
      <Filter>​GraphicsCommand</Filter>
    </ClInclude>
    <ClInclude Include="Source\GraphicsCommand\CommandListUtil.h">
      <Filter>​GraphicsCommand</Filter>
    </ClInclude>
    <ClInclude Include="Include\​GraphicsResource\ComputePipelineState.h">
      <Filter>​GraphicsResource</Filter>
    </ClInclude>
    <ClInclude Include="Include\​GraphicsResource\GraphicsPipelineState.h">
      <Filter>​GraphicsResource</Filter>
    </ClInclude>
  </ItemGroup>
</Project>