<?xml version="1.0" encoding="utf-8"?>
<Project ToolsVersion="4.0" xmlns="http://schemas.microsoft.com/developer/msbuild/2003">
  <ItemGroup>
    <Filter Include="Headers">
      <UniqueIdentifier>{93995380-89BD-4b04-88EB-625FBE52EBFB}</UniqueIdentifier>
      <Extensions>h;hh;hpp;hxx;h++;hm;inl;inc;ipp;xsd</Extensions>
    </Filter>
    <Filter Include="Sources">
      <UniqueIdentifier>{4FC737F1-C7A5-4376-A066-2A32D752A2FF}</UniqueIdentifier>
      <Extensions>cpp;c;cc;cxx;c++;cppm;ixx;def;odl;idl;hpj;bat;asm;asmx</Extensions>
    </Filter>
    <Filter Include="Headers\Utility">
      <UniqueIdentifier>{c2f50519-ed3a-48bc-89ee-42017d1cdeb6}</UniqueIdentifier>
    </Filter>
    <Filter Include="Sources\Utility">
      <UniqueIdentifier>{85d59351-b1d4-4d67-b454-8e7931400a7d}</UniqueIdentifier>
    </Filter>
  </ItemGroup>
  <ItemGroup>
    <ClCompile Include="Source\D3D12Viewer.cpp">
      <Filter>Sources</Filter>
    </ClCompile>
    <ClCompile Include="Source\Utility\pch.cpp">
      <Filter>Sources\Utility</Filter>
    </ClCompile>
  </ItemGroup>
  <ItemGroup>
    <ClInclude Include="Include\D3D12Viewer.h">
      <Filter>Headers</Filter>
    </ClInclude>
    <ClInclude Include="Source\Utility\pch.h">
      <Filter>Headers\Utility</Filter>
    </ClInclude>
  </ItemGroup>
</Project>